
Microsoft Visual Studio Solution File, Format Version 12.00
# Visual Studio Version 16
VisualStudioVersion = 16.0.30204.135
MinimumVisualStudioVersion = 10.0.40219.1
Project("{FAE04EC0-301F-11D3-BF4B-00C04F79EFBC}") = "ProgrammingLesson", "ProgrammingLesson\ProgrammingLesson.csproj", "{D6CC7130-B781-4954-8FDB-6A62E33C0778}"
EndProject
Project("{FAE04EC0-301F-11D3-BF4B-00C04F79EFBC}") = "ITUpskilling", "ITUpskilling\ITUpskilling.csproj", "{ADE541C3-9C87-448F-BE6A-FC2418704521}"
EndProject
Project("{FAE04EC0-301F-11D3-BF4B-00C04F79EFBC}") = "CourseManagementUITestAutomation", "CourseManagementUITestAutomation\CourseManagementUITestAutomation.csproj", "{9059F05D-D7E5-4E3C-9A78-8B465F6121A7}"
EndProject
Project("{FAE04EC0-301F-11D3-BF4B-00C04F79EFBC}") = "TaskManagementAPITestAutomation", "TaskManagementAPITestAutomation\TaskManagementAPITestAutomation.csproj", "{8BA7F063-CE4C-432F-926B-DA991316626E}"
EndProject
Project("{FAE04EC0-301F-11D3-BF4B-00C04F79EFBC}") = "TMSAPITestAutomation", "TMSAPITestAutomation\TMSAPITestAutomation.csproj", "{472BFA6D-E57F-4C45-B68F-EDC36F73449F}"
EndProject
Global
	GlobalSection(SolutionConfigurationPlatforms) = preSolution
		Debug|Any CPU = Debug|Any CPU
		Release|Any CPU = Release|Any CPU
	EndGlobalSection
	GlobalSection(ProjectConfigurationPlatforms) = postSolution
		{D6CC7130-B781-4954-8FDB-6A62E33C0778}.Debug|Any CPU.ActiveCfg = Debug|Any CPU
		{D6CC7130-B781-4954-8FDB-6A62E33C0778}.Debug|Any CPU.Build.0 = Debug|Any CPU
		{D6CC7130-B781-4954-8FDB-6A62E33C0778}.Release|Any CPU.ActiveCfg = Release|Any CPU
		{D6CC7130-B781-4954-8FDB-6A62E33C0778}.Release|Any CPU.Build.0 = Release|Any CPU
		{ADE541C3-9C87-448F-BE6A-FC2418704521}.Debug|Any CPU.ActiveCfg = Debug|Any CPU
		{ADE541C3-9C87-448F-BE6A-FC2418704521}.Debug|Any CPU.Build.0 = Debug|Any CPU
		{ADE541C3-9C87-448F-BE6A-FC2418704521}.Release|Any CPU.ActiveCfg = Release|Any CPU
		{ADE541C3-9C87-448F-BE6A-FC2418704521}.Release|Any CPU.Build.0 = Release|Any CPU
		{9059F05D-D7E5-4E3C-9A78-8B465F6121A7}.Debug|Any CPU.ActiveCfg = Debug|Any CPU
		{9059F05D-D7E5-4E3C-9A78-8B465F6121A7}.Debug|Any CPU.Build.0 = Debug|Any CPU
		{9059F05D-D7E5-4E3C-9A78-8B465F6121A7}.Release|Any CPU.ActiveCfg = Release|Any CPU
		{9059F05D-D7E5-4E3C-9A78-8B465F6121A7}.Release|Any CPU.Build.0 = Release|Any CPU
		{8BA7F063-CE4C-432F-926B-DA991316626E}.Debug|Any CPU.ActiveCfg = Debug|Any CPU
		{8BA7F063-CE4C-432F-926B-DA991316626E}.Debug|Any CPU.Build.0 = Debug|Any CPU
		{8BA7F063-CE4C-432F-926B-DA991316626E}.Release|Any CPU.ActiveCfg = Release|Any CPU
		{8BA7F063-CE4C-432F-926B-DA991316626E}.Release|Any CPU.Build.0 = Release|Any CPU
		{472BFA6D-E57F-4C45-B68F-EDC36F73449F}.Debug|Any CPU.ActiveCfg = Debug|Any CPU
		{472BFA6D-E57F-4C45-B68F-EDC36F73449F}.Debug|Any CPU.Build.0 = Debug|Any CPU
		{472BFA6D-E57F-4C45-B68F-EDC36F73449F}.Release|Any CPU.ActiveCfg = Release|Any CPU
		{472BFA6D-E57F-4C45-B68F-EDC36F73449F}.Release|Any CPU.Build.0 = Release|Any CPU
	EndGlobalSection
	GlobalSection(SolutionProperties) = preSolution
		HideSolutionNode = FALSE
	EndGlobalSection
	GlobalSection(ExtensibilityGlobals) = postSolution
		SolutionGuid = {6CA13C0F-89CA-4E98-80C8-56646E0D6EDD}
	EndGlobalSection
EndGlobal
